
Microsoft Visual Studio Solution File, Format Version 12.00
# Visual Studio Version 16
VisualStudioVersion = 16.0.30503.244
MinimumVisualStudioVersion = 10.0.40219.1
Project("{FAE04EC0-301F-11D3-BF4B-00C04F79EFBC}") = "MathLab4", "MathLab4.csproj", "{1E742C27-C93D-4BFD-A42E-471F17802746}"
EndProject
Global
	GlobalSection(SolutionConfigurationPlatforms) = preSolution
		Debug|Any CPU = Debug|Any CPU
		Release|Any CPU = Release|Any CPU
	EndGlobalSection
	GlobalSection(ProjectConfigurationPlatforms) = postSolution
		{1E742C27-C93D-4BFD-A42E-471F17802746}.Debug|Any CPU.ActiveCfg = Debug|Any CPU
		{1E742C27-C93D-4BFD-A42E-471F17802746}.Debug|Any CPU.Build.0 = Debug|Any CPU
		{1E742C27-C93D-4BFD-A42E-471F17802746}.Release|Any CPU.ActiveCfg = Release|Any CPU
		{1E742C27-C93D-4BFD-A42E-471F17802746}.Release|Any CPU.Build.0 = Release|Any CPU
	EndGlobalSection
	GlobalSection(SolutionProperties) = preSolution
		HideSolutionNode = FALSE
	EndGlobalSection
	GlobalSection(ExtensibilityGlobals) = postSolution
		SolutionGuid = {3C0E5EAF-67F9-4D0B-8F25-D0C07778843A}
	EndGlobalSection
EndGlobal
